// !$*UTF8*$!
{
	archiveVersion = 1;
	classes = {
	};
	objectVersion = 50;
	objects = {

/* Begin PBXBuildFile section */
		B6030F2325F8CBFD004027AC /* Web.storyboard in Resources */ = {isa = PBXBuildFile; fileRef = B6030F2125F8CBFD004027AC /* Web.storyboard */; };
		B6030F2425F8CBFD004027AC /* WebViewController.swift in Sources */ = {isa = PBXBuildFile; fileRef = B6030F2225F8CBFD004027AC /* WebViewController.swift */; };
		B68AF84B25F855AC0067086D /* AppDelegate.swift in Sources */ = {isa = PBXBuildFile; fileRef = B68AF84A25F855AC0067086D /* AppDelegate.swift */; };
		B68AF85425F855AC0067086D /* Assets.xcassets in Resources */ = {isa = PBXBuildFile; fileRef = B68AF85325F855AC0067086D /* Assets.xcassets */; };
		B68AF85725F855AC0067086D /* LaunchScreen.storyboard in Resources */ = {isa = PBXBuildFile; fileRef = B68AF85525F855AC0067086D /* LaunchScreen.storyboard */; };
		B68AF86B25F8566C0067086D /* MVCTableViewCell.xib in Resources */ = {isa = PBXBuildFile; fileRef = B68AF86A25F8566C0067086D /* MVCTableViewCell.xib */; };
		B68AF86E25F856860067086D /* MVCTableViewCell.swift in Sources */ = {isa = PBXBuildFile; fileRef = B68AF86D25F856860067086D /* MVCTableViewCell.swift */; };
		B68AF88225F8A47F0067086D /* MVCSearchViewController.swift in Sources */ = {isa = PBXBuildFile; fileRef = B68AF88025F8A47F0067086D /* MVCSearchViewController.swift */; };
		B68AF88325F8A47F0067086D /* MVCSearch.storyboard in Resources */ = {isa = PBXBuildFile; fileRef = B68AF88125F8A47F0067086D /* MVCSearch.storyboard */; };
/* End PBXBuildFile section */

/* Begin PBXFileReference section */
		B6030F2125F8CBFD004027AC /* Web.storyboard */ = {isa = PBXFileReference; fileEncoding = 4; lastKnownFileType = file.storyboard; path = Web.storyboard; sourceTree = "<group>"; };
		B6030F2225F8CBFD004027AC /* WebViewController.swift */ = {isa = PBXFileReference; fileEncoding = 4; lastKnownFileType = sourcecode.swift; path = WebViewController.swift; sourceTree = "<group>"; };
		B68AF84725F855AC0067086D /* TaskMVC.app */ = {isa = PBXFileReference; explicitFileType = wrapper.application; includeInIndex = 0; path = TaskMVC.app; sourceTree = BUILT_PRODUCTS_DIR; };
		B68AF84A25F855AC0067086D /* AppDelegate.swift */ = {isa = PBXFileReference; lastKnownFileType = sourcecode.swift; path = AppDelegate.swift; sourceTree = "<group>"; };
		B68AF85325F855AC0067086D /* Assets.xcassets */ = {isa = PBXFileReference; lastKnownFileType = folder.assetcatalog; path = Assets.xcassets; sourceTree = "<group>"; };
		B68AF85625F855AC0067086D /* Base */ = {isa = PBXFileReference; lastKnownFileType = file.storyboard; name = Base; path = Base.lproj/LaunchScreen.storyboard; sourceTree = "<group>"; };
		B68AF85825F855AC0067086D /* Info.plist */ = {isa = PBXFileReference; lastKnownFileType = text.plist.xml; path = Info.plist; sourceTree = "<group>"; };
		B68AF86A25F8566C0067086D /* MVCTableViewCell.xib */ = {isa = PBXFileReference; lastKnownFileType = file.xib; path = MVCTableViewCell.xib; sourceTree = "<group>"; };
		B68AF86D25F856860067086D /* MVCTableViewCell.swift */ = {isa = PBXFileReference; lastKnownFileType = sourcecode.swift; path = MVCTableViewCell.swift; sourceTree = "<group>"; };
		B68AF88025F8A47F0067086D /* MVCSearchViewController.swift */ = {isa = PBXFileReference; fileEncoding = 4; lastKnownFileType = sourcecode.swift; path = MVCSearchViewController.swift; sourceTree = "<group>"; };
		B68AF88125F8A47F0067086D /* MVCSearch.storyboard */ = {isa = PBXFileReference; fileEncoding = 4; lastKnownFileType = file.storyboard; path = MVCSearch.storyboard; sourceTree = "<group>"; };
/* End PBXFileReference section */

/* Begin PBXFrameworksBuildPhase section */
		B68AF84425F855AC0067086D /* Frameworks */ = {
			isa = PBXFrameworksBuildPhase;
			buildActionMask = 2147483647;
			files = (
			);
			runOnlyForDeploymentPostprocessing = 0;
		};
/* End PBXFrameworksBuildPhase section */

/* Begin PBXGroup section */
		B6030F1D25F8CB92004027AC /* Search */ = {
			isa = PBXGroup;
			children = (
				B68AF87F25F8A47F0067086D /* Controller */,
				B68AF86925F856510067086D /* View */,
			);
			path = Search;
			sourceTree = "<group>";
		};
		B6030F1F25F8CBFD004027AC /* Web */ = {
			isa = PBXGroup;
			children = (
				B6030F2025F8CBFD004027AC /* Controller */,
			);
			path = Web;
			sourceTree = "<group>";
		};
		B6030F2025F8CBFD004027AC /* Controller */ = {
			isa = PBXGroup;
			children = (
				B6030F2125F8CBFD004027AC /* Web.storyboard */,
				B6030F2225F8CBFD004027AC /* WebViewController.swift */,
			);
			path = Controller;
			sourceTree = "<group>";
		};
		B68AF83E25F855AC0067086D = {
			isa = PBXGroup;
			children = (
				B68AF84925F855AC0067086D /* TaskMVC */,
				B68AF84825F855AC0067086D /* Products */,
			);
			sourceTree = "<group>";
		};
		B68AF84825F855AC0067086D /* Products */ = {
			isa = PBXGroup;
			children = (
				B68AF84725F855AC0067086D /* TaskMVC.app */,
			);
			name = Products;
			sourceTree = "<group>";
		};
		B68AF84925F855AC0067086D /* TaskMVC */ = {
			isa = PBXGroup;
			children = (
				B68AF84A25F855AC0067086D /* AppDelegate.swift */,
				B68AF85325F855AC0067086D /* Assets.xcassets */,
				B68AF85825F855AC0067086D /* Info.plist */,
				B68AF85525F855AC0067086D /* LaunchScreen.storyboard */,
				B6030F1D25F8CB92004027AC /* Search */,
				B6030F1F25F8CBFD004027AC /* Web */,
			);
			path = TaskMVC;
			sourceTree = "<group>";
		};
		B68AF86925F856510067086D /* View */ = {
			isa = PBXGroup;
			children = (
				B68AF86A25F8566C0067086D /* MVCTableViewCell.xib */,
				B68AF86D25F856860067086D /* MVCTableViewCell.swift */,
			);
			path = View;
			sourceTree = "<group>";
		};
		B68AF87F25F8A47F0067086D /* Controller */ = {
			isa = PBXGroup;
			children = (
				B68AF88025F8A47F0067086D /* MVCSearchViewController.swift */,
				B68AF88125F8A47F0067086D /* MVCSearch.storyboard */,
			);
			path = Controller;
			sourceTree = "<group>";
		};
/* End PBXGroup section */

/* Begin PBXNativeTarget section */
		B68AF84625F855AC0067086D /* TaskMVC */ = {
			isa = PBXNativeTarget;
			buildConfigurationList = B68AF85B25F855AC0067086D /* Build configuration list for PBXNativeTarget "TaskMVC" */;
			buildPhases = (
				B68AF84325F855AC0067086D /* Sources */,
				B68AF84425F855AC0067086D /* Frameworks */,
				B68AF84525F855AC0067086D /* Resources */,
			);
			buildRules = (
			);
			dependencies = (
			);
			name = TaskMVC;
			productName = TaskMVC;
			productReference = B68AF84725F855AC0067086D /* TaskMVC.app */;
			productType = "com.apple.product-type.application";
		};
/* End PBXNativeTarget section */

/* Begin PBXProject section */
		B68AF83F25F855AC0067086D /* Project object */ = {
			isa = PBXProject;
			attributes = {
				LastSwiftUpdateCheck = 1240;
				LastUpgradeCheck = 1240;
				TargetAttributes = {
					B68AF84625F855AC0067086D = {
						CreatedOnToolsVersion = 12.4;
					};
				};
			};
			buildConfigurationList = B68AF84225F855AC0067086D /* Build configuration list for PBXProject "TaskMVC" */;
			compatibilityVersion = "Xcode 9.3";
			developmentRegion = en;
			hasScannedForEncodings = 0;
			knownRegions = (
				en,
				Base,
			);
			mainGroup = B68AF83E25F855AC0067086D;
			productRefGroup = B68AF84825F855AC0067086D /* Products */;
			projectDirPath = "";
			projectRoot = "";
			targets = (
				B68AF84625F855AC0067086D /* TaskMVC */,
			);
		};
/* End PBXProject section */

/* Begin PBXResourcesBuildPhase section */
		B68AF84525F855AC0067086D /* Resources */ = {
			isa = PBXResourcesBuildPhase;
			buildActionMask = 2147483647;
			files = (
				B68AF85725F855AC0067086D /* LaunchScreen.storyboard in Resources */,
				B68AF86B25F8566C0067086D /* MVCTableViewCell.xib in Resources */,
				B6030F2325F8CBFD004027AC /* Web.storyboard in Resources */,
				B68AF85425F855AC0067086D /* Assets.xcassets in Resources */,
				B68AF88325F8A47F0067086D /* MVCSearch.storyboard in Resources */,
			);
			runOnlyForDeploymentPostprocessing = 0;
		};
/* End PBXResourcesBuildPhase section */

/* Begin PBXSourcesBuildPhase section */
		B68AF84325F855AC0067086D /* Sources */ = {
			isa = PBXSourcesBuildPhase;
			buildActionMask = 2147483647;
			files = (
				B68AF86E25F856860067086D /* MVCTableViewCell.swift in Sources */,
				B68AF84B25F855AC0067086D /* AppDelegate.swift in Sources */,
				B68AF88225F8A47F0067086D /* MVCSearchViewController.swift in Sources */,
				B6030F2425F8CBFD004027AC /* WebViewController.swift in Sources */,
			);
			runOnlyForDeploymentPostprocessing = 0;
		};
/* End PBXSourcesBuildPhase section */

/* Begin PBXVariantGroup section */
		B68AF85525F855AC0067086D /* LaunchScreen.storyboard */ = {
			isa = PBXVariantGroup;
			children = (
				B68AF85625F855AC0067086D /* Base */,
			);
			name = LaunchScreen.storyboard;
			sourceTree = "<group>";
		};
/* End PBXVariantGroup section */

/* Begin XCBuildConfiguration section */
		B68AF85925F855AC0067086D /* Debug */ = {
			isa = XCBuildConfiguration;
			buildSettings = {
				ALWAYS_SEARCH_USER_PATHS = NO;
				CLANG_ANALYZER_NONNULL = YES;
				CLANG_ANALYZER_NUMBER_OBJECT_CONVERSION = YES_AGGRESSIVE;
				CLANG_CXX_LANGUAGE_STANDARD = "gnu++14";
				CLANG_CXX_LIBRARY = "libc++";
				CLANG_ENABLE_MODULES = YES;
				CLANG_ENABLE_OBJC_ARC = YES;
				CLANG_ENABLE_OBJC_WEAK = YES;
				CLANG_WARN_BLOCK_CAPTURE_AUTORELEASING = YES;
				CLANG_WARN_BOOL_CONVERSION = YES;
				CLANG_WARN_COMMA = YES;
				CLANG_WARN_CONSTANT_CONVERSION = YES;
				CLANG_WARN_DEPRECATED_OBJC_IMPLEMENTATIONS = YES;
				CLANG_WARN_DIRECT_OBJC_ISA_USAGE = YES_ERROR;
				CLANG_WARN_DOCUMENTATION_COMMENTS = YES;
				CLANG_WARN_EMPTY_BODY = YES;
				CLANG_WARN_ENUM_CONVERSION = YES;
				CLANG_WARN_INFINITE_RECURSION = YES;
				CLANG_WARN_INT_CONVERSION = YES;
				CLANG_WARN_NON_LITERAL_NULL_CONVERSION = YES;
				CLANG_WARN_OBJC_IMPLICIT_RETAIN_SELF = YES;
				CLANG_WARN_OBJC_LITERAL_CONVERSION = YES;
				CLANG_WARN_OBJC_ROOT_CLASS = YES_ERROR;
				CLANG_WARN_QUOTED_INCLUDE_IN_FRAMEWORK_HEADER = YES;
				CLANG_WARN_RANGE_LOOP_ANALYSIS = YES;
				CLANG_WARN_STRICT_PROTOTYPES = YES;
				CLANG_WARN_SUSPICIOUS_MOVE = YES;
				CLANG_WARN_UNGUARDED_AVAILABILITY = YES_AGGRESSIVE;
				CLANG_WARN_UNREACHABLE_CODE = YES;
				CLANG_WARN__DUPLICATE_METHOD_MATCH = YES;
				COPY_PHASE_STRIP = NO;
				DEBUG_INFORMATION_FORMAT = dwarf;
				ENABLE_STRICT_OBJC_MSGSEND = YES;
				ENABLE_TESTABILITY = YES;
				GCC_C_LANGUAGE_STANDARD = gnu11;
				GCC_DYNAMIC_NO_PIC = NO;
				GCC_NO_COMMON_BLOCKS = YES;
				GCC_OPTIMIZATION_LEVEL = 0;
				GCC_PREPROCESSOR_DEFINITIONS = (
					"DEBUG=1",
					"$(inherited)",
				);
				GCC_WARN_64_TO_32_BIT_CONVERSION = YES;
				GCC_WARN_ABOUT_RETURN_TYPE = YES_ERROR;
				GCC_WARN_UNDECLARED_SELECTOR = YES;
				GCC_WARN_UNINITIALIZED_AUTOS = YES_AGGRESSIVE;
				GCC_WARN_UNUSED_FUNCTION = YES;
				GCC_WARN_UNUSED_VARIABLE = YES;
				IPHONEOS_DEPLOYMENT_TARGET = 14.4;
				MTL_ENABLE_DEBUG_INFO = INCLUDE_SOURCE;
				MTL_FAST_MATH = YES;
				ONLY_ACTIVE_ARCH = YES;
				SDKROOT = iphoneos;
				SWIFT_ACTIVE_COMPILATION_CONDITIONS = DEBUG;
				SWIFT_OPTIMIZATION_LEVEL = "-Onone";
			};
			name = Debug;
		};
		B68AF85A25F855AC0067086D /* Release */ = {
			isa = XCBuildConfiguration;
			buildSettings = {
				ALWAYS_SEARCH_USER_PATHS = NO;
				CLANG_ANALYZER_NONNULL = YES;
				CLANG_ANALYZER_NUMBER_OBJECT_CONVERSION = YES_AGGRESSIVE;
				CLANG_CXX_LANGUAGE_STANDARD = "gnu++14";
				CLANG_CXX_LIBRARY = "libc++";
				CLANG_ENABLE_MODULES = YES;
				CLANG_ENABLE_OBJC_ARC = YES;
				CLANG_ENABLE_OBJC_WEAK = YES;
				CLANG_WARN_BLOCK_CAPTURE_AUTORELEASING = YES;
				CLANG_WARN_BOOL_CONVERSION = YES;
				CLANG_WARN_COMMA = YES;
				CLANG_WARN_CONSTANT_CONVERSION = YES;
				CLANG_WARN_DEPRECATED_OBJC_IMPLEMENTATIONS = YES;
				CLANG_WARN_DIRECT_OBJC_ISA_USAGE = YES_ERROR;
				CLANG_WARN_DOCUMENTATION_COMMENTS = YES;
				CLANG_WARN_EMPTY_BODY = YES;
				CLANG_WARN_ENUM_CONVERSION = YES;
				CLANG_WARN_INFINITE_RECURSION = YES;
				CLANG_WARN_INT_CONVERSION = YES;
				CLANG_WARN_NON_LITERAL_NULL_CONVERSION = YES;
				CLANG_WARN_OBJC_IMPLICIT_RETAIN_SELF = YES;
				CLANG_WARN_OBJC_LITERAL_CONVERSION = YES;
				CLANG_WARN_OBJC_ROOT_CLASS = YES_ERROR;
				CLANG_WARN_QUOTED_INCLUDE_IN_FRAMEWORK_HEADER = YES;
				CLANG_WARN_RANGE_LOOP_ANALYSIS = YES;
				CLANG_WARN_STRICT_PROTOTYPES = YES;
				CLANG_WARN_SUSPICIOUS_MOVE = YES;
				CLANG_WARN_UNGUARDED_AVAILABILITY = YES_AGGRESSIVE;
				CLANG_WARN_UNREACHABLE_CODE = YES;
				CLANG_WARN__DUPLICATE_METHOD_MATCH = YES;
				COPY_PHASE_STRIP = NO;
				DEBUG_INFORMATION_FORMAT = "dwarf-with-dsym";
				ENABLE_NS_ASSERTIONS = NO;
				ENABLE_STRICT_OBJC_MSGSEND = YES;
				GCC_C_LANGUAGE_STANDARD = gnu11;
				GCC_NO_COMMON_BLOCKS = YES;
				GCC_WARN_64_TO_32_BIT_CONVERSION = YES;
				GCC_WARN_ABOUT_RETURN_TYPE = YES_ERROR;
				GCC_WARN_UNDECLARED_SELECTOR = YES;
				GCC_WARN_UNINITIALIZED_AUTOS = YES_AGGRESSIVE;
				GCC_WARN_UNUSED_FUNCTION = YES;
				GCC_WARN_UNUSED_VARIABLE = YES;
				IPHONEOS_DEPLOYMENT_TARGET = 14.4;
				MTL_ENABLE_DEBUG_INFO = NO;
				MTL_FAST_MATH = YES;
				SDKROOT = iphoneos;
				SWIFT_COMPILATION_MODE = wholemodule;
				SWIFT_OPTIMIZATION_LEVEL = "-O";
				VALIDATE_PRODUCT = YES;
			};
			name = Release;
		};
		B68AF85C25F855AC0067086D /* Debug */ = {
			isa = XCBuildConfiguration;
			buildSettings = {
				ASSETCATALOG_COMPILER_APPICON_NAME = AppIcon;
				ASSETCATALOG_COMPILER_GLOBAL_ACCENT_COLOR_NAME = AccentColor;
				CODE_SIGN_STYLE = Automatic;
				INFOPLIST_FILE = TaskMVC/Info.plist;
				LD_RUNPATH_SEARCH_PATHS = (
					"$(inherited)",
					"@executable_path/Frameworks",
				);
				PRODUCT_BUNDLE_IDENTIFIER = com.sakiyamaK.TaskMVC;
				PRODUCT_NAME = "$(TARGET_NAME)";
				SWIFT_VERSION = 5.0;
				TARGETED_DEVICE_FAMILY = "1,2";
			};
			name = Debug;
		};
		B68AF85D25F855AC0067086D /* Release */ = {
			isa = XCBuildConfiguration;
			buildSettings = {
				ASSETCATALOG_COMPILER_APPICON_NAME = AppIcon;
				ASSETCATALOG_COMPILER_GLOBAL_ACCENT_COLOR_NAME = AccentColor;
				CODE_SIGN_STYLE = Automatic;
				INFOPLIST_FILE = TaskMVC/Info.plist;
				LD_RUNPATH_SEARCH_PATHS = (
					"$(inherited)",
					"@executable_path/Frameworks",
				);
				PRODUCT_BUNDLE_IDENTIFIER = com.sakiyamaK.TaskMVC;
				PRODUCT_NAME = "$(TARGET_NAME)";
				SWIFT_VERSION = 5.0;
				TARGETED_DEVICE_FAMILY = "1,2";
			};
			name = Release;
		};
/* End XCBuildConfiguration section */

/* Begin XCConfigurationList section */
		B68AF84225F855AC0067086D /* Build configuration list for PBXProject "TaskMVC" */ = {
			isa = XCConfigurationList;
			buildConfigurations = (
				B68AF85925F855AC0067086D /* Debug */,
				B68AF85A25F855AC0067086D /* Release */,
			);
			defaultConfigurationIsVisible = 0;
			defaultConfigurationName = Release;
		};
		B68AF85B25F855AC0067086D /* Build configuration list for PBXNativeTarget "TaskMVC" */ = {
			isa = XCConfigurationList;
			buildConfigurations = (
				B68AF85C25F855AC0067086D /* Debug */,
				B68AF85D25F855AC0067086D /* Release */,
			);
			defaultConfigurationIsVisible = 0;
			defaultConfigurationName = Release;
		};
/* End XCConfigurationList section */
	};
	rootObject = B68AF83F25F855AC0067086D /* Project object */;
}
